
Microsoft Visual Studio Solution File, Format Version 12.00
# Visual Studio Version 17
VisualStudioVersion = 17.0.32014.148
MinimumVisualStudioVersion = 10.0.40219.1
Project("{9A19103F-16F7-4668-BE54-9A1E7A4F7556}") = "NyxNUtil", "NyxNUtil\NyxNUtil.csproj", "{DD013A86-2452-478D-A6EA-748AEEEF5980}"
EndProject
Project("{9A19103F-16F7-4668-BE54-9A1E7A4F7556}") = "NyxNUtil_Test", "NyxNUtil_Test\NyxNUtil_Test.csproj", "{267C5859-06C3-403C-B175-AC702360AD69}"
EndProject
Global
	GlobalSection(SolutionConfigurationPlatforms) = preSolution
		Debug|Any CPU = Debug|Any CPU
		Release|Any CPU = Release|Any CPU
	EndGlobalSection
	GlobalSection(ProjectConfigurationPlatforms) = postSolution
		{DD013A86-2452-478D-A6EA-748AEEEF5980}.Debug|Any CPU.ActiveCfg = Debug|Any CPU
		{DD013A86-2452-478D-A6EA-748AEEEF5980}.Debug|Any CPU.Build.0 = Debug|Any CPU
		{DD013A86-2452-478D-A6EA-748AEEEF5980}.Release|Any CPU.ActiveCfg = Release|Any CPU
		{DD013A86-2452-478D-A6EA-748AEEEF5980}.Release|Any CPU.Build.0 = Release|Any CPU
		{267C5859-06C3-403C-B175-AC702360AD69}.Debug|Any CPU.ActiveCfg = Debug|Any CPU
		{267C5859-06C3-403C-B175-AC702360AD69}.Debug|Any CPU.Build.0 = Debug|Any CPU
		{267C5859-06C3-403C-B175-AC702360AD69}.Release|Any CPU.ActiveCfg = Release|Any CPU
		{267C5859-06C3-403C-B175-AC702360AD69}.Release|Any CPU.Build.0 = Release|Any CPU
	EndGlobalSection
	GlobalSection(SolutionProperties) = preSolution
		HideSolutionNode = FALSE
	EndGlobalSection
	GlobalSection(ExtensibilityGlobals) = postSolution
		SolutionGuid = {71F66E2C-7CA8-40B4-A649-7DB6DB15C2D9}
	EndGlobalSection
EndGlobal
